{
  "name": "governance",
  "version": "1.0.0",
  "lockfileVersion": 3,
  "requires": true,
  "packages": {
    "": {
      "name": "governance",
      "version": "1.0.0",
      "license": "ISC",
      "dependencies": {
        "zup": "^0.0.2"
      }
    },
    "node_modules/zup": {
      "version": "0.0.2",
      "resolved": "https://registry.npmjs.org/zup/-/zup-0.0.2.tgz",
      "integrity": "sha512-1KA2++GuVdoMecHP2Ru6C+QSchcAc0etCtiGAmw7tljn8goBmA/iMNfVVONroGRiOolU8RgN4sW24MtExAaXgw==",
      "engines": {
        "node": ">=4.0.0"
      }
    }
  }
}
